PODS:
  - AFNetworking (3.2.0):
    - AFNetworking/NSURLSession (= 3.2.0)
    - AFNetworking/Reachability (= 3.2.0)
    - AFNetworking/Security (= 3.2.0)
    - AFNetworking/Serialization (= 3.2.0)
    - AFNetworking/UIKit (= 3.2.0)
  - AFNetworking/NSURLSession (3.2.0):
    - AFNetworking/Reachability
    - AFNetworking/Security
    - AFNetworking/Serialization
  - AFNetworking/Reachability (3.2.0)
  - AFNetworking/Security (3.2.0)
  - AFNetworking/Serialization (3.2.0)
  - AFNetworking/UIKit (3.2.0):
    - AFNetworking/NSURLSession
  - BlocksKit (2.2.5):
    - BlocksKit/All (= 2.2.5)
  - BlocksKit/All (2.2.5):
    - BlocksKit/Core
    - BlocksKit/DynamicDelegate
    - BlocksKit/MessageUI
    - BlocksKit/UIKit
  - BlocksKit/Core (2.2.5)
  - BlocksKit/DynamicDelegate (2.2.5)
  - BlocksKit/MessageUI (2.2.5):
    - BlocksKit/Core
    - BlocksKit/DynamicDelegate
  - BlocksKit/UIKit (2.2.5):
    - BlocksKit/Core
    - BlocksKit/DynamicDelegate
  - CocoaAsyncSocket (7.6.3)
  - Masonry (1.0.2)
  - MBProgressHUD (1.1.0)
  - MJExtension (3.0.15.1)
  - ReactiveObjC (2.1.2)
  - UMCAnalytics (5.4.1):
    - UMCCommon
  - UMCCommon (1.4.2)
  - UMCSecurityPlugins (1.0.6)
  - WebViewJavascriptBridge (6.0.3)
  - WechatOpenSDK (1.8.1)
  - YYKit (1.0.9):
    - YYKit/no-arc (= 1.0.9)
  - YYKit/no-arc (1.0.9)

DEPENDENCIES:
  - AFNetworking (~> 3.2.0)
  - BlocksKit (~> 2.2.5)
  - CocoaAsyncSocket
  - Masonry (~> 1.0.2)
  - MBProgressHUD (~> 1.1.0)
  - MJExtension (~> 3.0.15.1)
  - ReactiveObjC (~> 2.1.2)
  - UMCAnalytics
  - UMCCommon
  - UMCSecurityPlugins
  - WebViewJavascriptBridge (~> 6.0)
  - WechatOpenSDK
  - YYKit (~> 1.0.9)

SPEC CHECKSUMS:
  AFNetworking: 8ac6017b94ea105479f7776e5288e48ae9c59bb4
  BlocksKit: 7f422b971407001178d181a43b99014ea2591fe6
  CocoaAsyncSocket: eafaa68a7e0ec99ead0a7b35015e0bf25d2c8987
  Masonry: 7c429b56da9d4ee0bbb3ed77a5ea710d6a5df39e
  MBProgressHUD: e7baa36a220447d8aeb12769bf0585582f3866d9
  MJExtension: 19bc33ce2eee2d319760f5622562cf581a6ff756
  ReactiveObjC: 7b6782ae39f9ac0f57205c3b0c0b69b9dd7048c0
  UMCAnalytics: 44e0bb2f442b7aaf97d1c924b58798b612f2c13d
  UMCCommon: 19f09b4c67b6007837f70f321fe091e5814d49b1
  UMCSecurityPlugins: 0831a08f3988f3cea9f1d3a7626cd9bee4fef150
  WebViewJavascriptBridge: 7f5bc4d3581e672e8f32bd0f812d54bc69bb8e29
  WechatOpenSDK: 491d965d79335070328571d3e79f714549e79a5e
  YYKit: 7cda43304a8dc3696c449041e2cb3107b4e236e7

PODFILE CHECKSUM: e28790ea5000b5a2305a4026496296aab99f77f8

COCOAPODS: 1.4.0
