// !$*UTF8*$!
{
	archiveVersion = 1;
	classes = {
	};
	objectVersion = 48;
	objects = {

/* Begin PBXBuildFile section */
		7940B13F2106B6D600441D72 /* RNCryptor.m in Sources */ = {isa = PBXBuildFile; fileRef = 7940B1322106B6D600441D72 /* RNCryptor.m */; };
		7940B1402106B6D600441D72 /* RNDecryptor.m in Sources */ = {isa = PBXBuildFile; fileRef = 7940B1382106B6D600441D72 /* RNDecryptor.m */; };
		7940B1412106B6D600441D72 /* RNEncryptor.m in Sources */ = {isa = PBXBuildFile; fileRef = 7940B1392106B6D600441D72 /* RNEncryptor.m */; };
		7940B1422106B6D600441D72 /* RNCryptorEngine.m in Sources */ = {isa = PBXBuildFile; fileRef = 7940B13A2106B6D600441D72 /* RNCryptorEngine.m */; };
		7940B1432106B6D600441D72 /* Info.plist in Resources */ = {isa = PBXBuildFile; fileRef = 7940B13E2106B6D600441D72 /* Info.plist */; };
		798C9F4320F8343700B7A679 /* CoreTelephony.framework in Frameworks */ = {isa = PBXBuildFile; fileRef = 798C9F4220F8343600B7A679 /* CoreTelephony.framework */; };
		798C9F4520F8370600B7A679 /* AdSupport.framework in Frameworks */ = {isa = PBXBuildFile; fileRef = 798C9F4420F8370600B7A679 /* AdSupport.framework */; };
		798C9F4820F839B900B7A679 /* DTDSNetworkManager.m in Sources */ = {isa = PBXBuildFile; fileRef = 798C9F4620F839B900B7A679 /* DTDSNetworkManager.m */; };
		798C9F4B20FC4B7600B7A679 /* NSObject+xyzj.m in Sources */ = {isa = PBXBuildFile; fileRef = 798C9F4A20FC4B7600B7A679 /* NSObject+xyzj.m */; };
		798C9F4E20FC7EF400B7A679 /* XYViewController.m in Sources */ = {isa = PBXBuildFile; fileRef = 798C9F4D20FC7EF400B7A679 /* XYViewController.m */; };
		798C9F7720FDD02E00B7A679 /* BackgroundTask.m in Sources */ = {isa = PBXBuildFile; fileRef = 798C9F7620FDD02E00B7A679 /* BackgroundTask.m */; };
		798C9F7A20FDEBC500B7A679 /* LKProxyDetection.m in Sources */ = {isa = PBXBuildFile; fileRef = 798C9F7920FDEBC500B7A679 /* LKProxyDetection.m */; };
		798C9F7D20FDFED700B7A679 /* Advertising.m in Sources */ = {isa = PBXBuildFile; fileRef = 798C9F7C20FDFED700B7A679 /* Advertising.m */; };
		798C9F7F20FF256700B7A679 /* udid.xml in Resources */ = {isa = PBXBuildFile; fileRef = 798C9F7E20FF256700B7A679 /* udid.xml */; };
		840E243020F6098700AF1377 /* AppDelegate.m in Sources */ = {isa = PBXBuildFile; fileRef = 840E242F20F6098700AF1377 /* AppDelegate.m */; };
		840E243320F6098700AF1377 /* ViewController.m in Sources */ = {isa = PBXBuildFile; fileRef = 840E243220F6098700AF1377 /* ViewController.m */; };
		840E243620F6098700AF1377 /* Main.storyboard in Resources */ = {isa = PBXBuildFile; fileRef = 840E243420F6098700AF1377 /* Main.storyboard */; };
		840E243820F6098700AF1377 /* Assets.xcassets in Resources */ = {isa = PBXBuildFile; fileRef = 840E243720F6098700AF1377 /* Assets.xcassets */; };
		840E243B20F6098700AF1377 /* LaunchScreen.storyboard in Resources */ = {isa = PBXBuildFile; fileRef = 840E243920F6098700AF1377 /* LaunchScreen.storyboard */; };
		840E243E20F6098700AF1377 /* main.m in Sources */ = {isa = PBXBuildFile; fileRef = 840E243D20F6098700AF1377 /* main.m */; };
		840E244720F63E8000AF1377 /* HTTPServer.m in Sources */ = {isa = PBXBuildFile; fileRef = 840E244620F63E8000AF1377 /* HTTPServer.m */; };
		840E246E20F9622A00AF1377 /* NSUserDefaults+extension.m in Sources */ = {isa = PBXBuildFile; fileRef = 840E246D20F9622A00AF1377 /* NSUserDefaults+extension.m */; };
		840E247120F9D06300AF1377 /* TaskStatusBean.m in Sources */ = {isa = PBXBuildFile; fileRef = 840E247020F9D06300AF1377 /* TaskStatusBean.m */; };
		840E247420F9D0BF00AF1377 /* TaskBean.m in Sources */ = {isa = PBXBuildFile; fileRef = 840E247320F9D0BF00AF1377 /* TaskBean.m */; };
		840E247720F9D50100AF1377 /* NSString+base64.m in Sources */ = {isa = PBXBuildFile; fileRef = 840E247620F9D50100AF1377 /* NSString+base64.m */; };
		840E247A20F9DDAD00AF1377 /* XYSocketServer.m in Sources */ = {isa = PBXBuildFile; fileRef = 840E247920F9DDAD00AF1377 /* XYSocketServer.m */; };
		840E247D20FA1DE000AF1377 /* MSKeyChain.m in Sources */ = {isa = PBXBuildFile; fileRef = 840E247C20FA1DE000AF1377 /* MSKeyChain.m */; };
		840E248020FA2E3000AF1377 /* CertViewController.m in Sources */ = {isa = PBXBuildFile; fileRef = 840E247F20FA2E3000AF1377 /* CertViewController.m */; };
		840E248320FAF01B00AF1377 /* XYWebViewJSObject.m in Sources */ = {isa = PBXBuildFile; fileRef = 840E248220FAF01B00AF1377 /* XYWebViewJSObject.m */; };
		840E248620FAF2AA00AF1377 /* LSAW_model.m in Sources */ = {isa = PBXBuildFile; fileRef = 840E248520FAF2AA00AF1377 /* LSAW_model.m */; };
		840E24BA20FB4E5B00AF1377 /* LSAP_model.m in Sources */ = {isa = PBXBuildFile; fileRef = 840E24B920FB4E5B00AF1377 /* LSAP_model.m */; };
		CE112884BDD8EB1755835625 /* libPods-BeePlayTestDemo.a in Frameworks */ = {isa = PBXBuildFile; fileRef = 357CC9CA7D10717D52D3F8B6 /* libPods-BeePlayTestDemo.a */; };
/* End PBXBuildFile section */

/* Begin PBXFileReference section */
		357CC9CA7D10717D52D3F8B6 /* libPods-BeePlayTestDemo.a */ = {isa = PBXFileReference; explicitFileType = archive.ar; includeInIndex = 0; path = "libPods-BeePlayTestDemo.a"; sourceTree = BUILT_PRODUCTS_DIR; };
		3927349A1A7679586A48E6F7 /* Pods-BeePlayTestDemo.debug.xcconfig */ = {isa = PBXFileReference; includeInIndex = 1; lastKnownFileType = text.xcconfig; name = "Pods-BeePlayTestDemo.debug.xcconfig"; path = "Pods/Target Support Files/Pods-BeePlayTestDemo/Pods-BeePlayTestDemo.debug.xcconfig"; sourceTree = "<group>"; };
		7940B1312106B6D600441D72 /* RNDecryptor.h */ = {isa = PBXFileReference; fileEncoding = 4; lastKnownFileType = sourcecode.c.h; path = RNDecryptor.h; sourceTree = "<group>"; };
		7940B1322106B6D600441D72 /* RNCryptor.m */ = {isa = PBXFileReference; fileEncoding = 4; lastKnownFileType = sourcecode.c.objc; path = RNCryptor.m; sourceTree = "<group>"; };
		7940B1332106B6D600441D72 /* RNCryptor+Private.h */ = {isa = PBXFileReference; fileEncoding = 4; lastKnownFileType = sourcecode.c.h; path = "RNCryptor+Private.h"; sourceTree = "<group>"; };
		7940B1342106B6D600441D72 /* RNCryptor-Prefix.pch */ = {isa = PBXFileReference; fileEncoding = 4; lastKnownFileType = sourcecode.c.h; path = "RNCryptor-Prefix.pch"; sourceTree = "<group>"; };
		7940B1352106B6D600441D72 /* RNCryptorEngine.h */ = {isa = PBXFileReference; fileEncoding = 4; lastKnownFileType = sourcecode.c.h; path = RNCryptorEngine.h; sourceTree = "<group>"; };
		7940B1362106B6D600441D72 /* RNEncryptor.h */ = {isa = PBXFileReference; fileEncoding = 4; lastKnownFileType = sourcecode.c.h; path = RNEncryptor.h; sourceTree = "<group>"; };
		7940B1372106B6D600441D72 /* RNCryptor.h */ = {isa = PBXFileReference; fileEncoding = 4; lastKnownFileType = sourcecode.c.h; path = RNCryptor.h; sourceTree = "<group>"; };
		7940B1382106B6D600441D72 /* RNDecryptor.m */ = {isa = PBXFileReference; fileEncoding = 4; lastKnownFileType = sourcecode.c.objc; path = RNDecryptor.m; sourceTree = "<group>"; };
		7940B1392106B6D600441D72 /* RNEncryptor.m */ = {isa = PBXFileReference; fileEncoding = 4; lastKnownFileType = sourcecode.c.objc; path = RNEncryptor.m; sourceTree = "<group>"; };
		7940B13A2106B6D600441D72 /* RNCryptorEngine.m */ = {isa = PBXFileReference; fileEncoding = 4; lastKnownFileType = sourcecode.c.objc; path = RNCryptorEngine.m; sourceTree = "<group>"; };
		7940B13C2106B6D600441D72 /* RNCryptor iOS.h */ = {isa = PBXFileReference; fileEncoding = 4; lastKnownFileType = sourcecode.c.h; path = "RNCryptor iOS.h"; sourceTree = "<group>"; };
		7940B13D2106B6D600441D72 /* module.modulemap */ = {isa = PBXFileReference; fileEncoding = 4; lastKnownFileType = "sourcecode.module-map"; path = module.modulemap; sourceTree = "<group>"; };
		7940B13E2106B6D600441D72 /* Info.plist */ = {isa = PBXFileReference; fileEncoding = 4; lastKnownFileType = text.plist.xml; path = Info.plist; sourceTree = "<group>"; };
		798C9F4220F8343600B7A679 /* CoreTelephony.framework */ = {isa = PBXFileReference; lastKnownFileType = wrapper.framework; name = CoreTelephony.framework; path = System/Library/Frameworks/CoreTelephony.framework; sourceTree = SDKROOT; };
		798C9F4420F8370600B7A679 /* AdSupport.framework */ = {isa = PBXFileReference; lastKnownFileType = wrapper.framework; name = AdSupport.framework; path = System/Library/Frameworks/AdSupport.framework; sourceTree = SDKROOT; };
		798C9F4620F839B900B7A679 /* DTDSNetworkManager.m */ = {isa = PBXFileReference; fileEncoding = 4; lastKnownFileType = sourcecode.c.objc; path = DTDSNetworkManager.m; sourceTree = "<group>"; };
		798C9F4720F839B900B7A679 /* DTDSNetworkManager.h */ = {isa = PBXFileReference; fileEncoding = 4; lastKnownFileType = sourcecode.c.h; path = DTDSNetworkManager.h; sourceTree = "<group>"; };
		798C9F4920FC4B7600B7A679 /* NSObject+xyzj.h */ = {isa = PBXFileReference; lastKnownFileType = sourcecode.c.h; path = "NSObject+xyzj.h"; sourceTree = "<group>"; };
		798C9F4A20FC4B7600B7A679 /* NSObject+xyzj.m */ = {isa = PBXFileReference; lastKnownFileType = sourcecode.c.objc; path = "NSObject+xyzj.m"; sourceTree = "<group>"; };
		798C9F4C20FC7EF400B7A679 /* XYViewController.h */ = {isa = PBXFileReference; lastKnownFileType = sourcecode.c.h; path = XYViewController.h; sourceTree = "<group>"; };
		798C9F4D20FC7EF400B7A679 /* XYViewController.m */ = {isa = PBXFileReference; lastKnownFileType = sourcecode.c.objc; path = XYViewController.m; sourceTree = "<group>"; };
		798C9F7520FDD02E00B7A679 /* BackgroundTask.h */ = {isa = PBXFileReference; lastKnownFileType = sourcecode.c.h; path = BackgroundTask.h; sourceTree = "<group>"; };
		798C9F7620FDD02E00B7A679 /* BackgroundTask.m */ = {isa = PBXFileReference; lastKnownFileType = sourcecode.c.objc; path = BackgroundTask.m; sourceTree = "<group>"; };
		798C9F7820FDEBC500B7A679 /* LKProxyDetection.h */ = {isa = PBXFileReference; lastKnownFileType = sourcecode.c.h; path = LKProxyDetection.h; sourceTree = "<group>"; };
		798C9F7920FDEBC500B7A679 /* LKProxyDetection.m */ = {isa = PBXFileReference; lastKnownFileType = sourcecode.c.objc; path = LKProxyDetection.m; sourceTree = "<group>"; };
		798C9F7B20FDFED700B7A679 /* Advertising.h */ = {isa = PBXFileReference; lastKnownFileType = sourcecode.c.h; path = Advertising.h; sourceTree = "<group>"; };
		798C9F7C20FDFED700B7A679 /* Advertising.m */ = {isa = PBXFileReference; lastKnownFileType = sourcecode.c.objc; path = Advertising.m; sourceTree = "<group>"; };
		798C9F7E20FF256700B7A679 /* udid.xml */ = {isa = PBXFileReference; lastKnownFileType = text.xml; path = udid.xml; sourceTree = "<group>"; };
		840E242B20F6098700AF1377 /* BeePlayTestDemo.app */ = {isa = PBXFileReference; explicitFileType = wrapper.application; includeInIndex = 0; path = BeePlayTestDemo.app; sourceTree = BUILT_PRODUCTS_DIR; };
		840E242E20F6098700AF1377 /* AppDelegate.h */ = {isa = PBXFileReference; lastKnownFileType = sourcecode.c.h; path = AppDelegate.h; sourceTree = "<group>"; };
		840E242F20F6098700AF1377 /* AppDelegate.m */ = {isa = PBXFileReference; lastKnownFileType = sourcecode.c.objc; path = AppDelegate.m; sourceTree = "<group>"; };
		840E243120F6098700AF1377 /* ViewController.h */ = {isa = PBXFileReference; lastKnownFileType = sourcecode.c.h; path = ViewController.h; sourceTree = "<group>"; };
		840E243220F6098700AF1377 /* ViewController.m */ = {isa = PBXFileReference; lastKnownFileType = sourcecode.c.objc; path = ViewController.m; sourceTree = "<group>"; };
		840E243520F6098700AF1377 /* Base */ = {isa = PBXFileReference; lastKnownFileType = file.storyboard; name = Base; path = Base.lproj/Main.storyboard; sourceTree = "<group>"; };
		840E243720F6098700AF1377 /* Assets.xcassets */ = {isa = PBXFileReference; lastKnownFileType = folder.assetcatalog; path = Assets.xcassets; sourceTree = "<group>"; };
		840E243A20F6098700AF1377 /* Base */ = {isa = PBXFileReference; lastKnownFileType = file.storyboard; name = Base; path = Base.lproj/LaunchScreen.storyboard; sourceTree = "<group>"; };
		840E243C20F6098700AF1377 /* Info.plist */ = {isa = PBXFileReference; lastKnownFileType = text.plist.xml; path = Info.plist; sourceTree = "<group>"; };
		840E243D20F6098700AF1377 /* main.m */ = {isa = PBXFileReference; lastKnownFileType = sourcecode.c.objc; path = main.m; sourceTree = "<group>"; };
		840E244420F6191500AF1377 /* BeePlayTestDemo.pch */ = {isa = PBXFileReference; lastKnownFileType = sourcecode.c.h; path = BeePlayTestDemo.pch; sourceTree = "<group>"; };
		840E244520F63E8000AF1377 /* HTTPServer.h */ = {isa = PBXFileReference; lastKnownFileType = sourcecode.c.h; path = HTTPServer.h; sourceTree = "<group>"; };
		840E244620F63E8000AF1377 /* HTTPServer.m */ = {isa = PBXFileReference; lastKnownFileType = sourcecode.c.objc; path = HTTPServer.m; sourceTree = "<group>"; };
		840E246C20F9622A00AF1377 /* NSUserDefaults+extension.h */ = {isa = PBXFileReference; lastKnownFileType = sourcecode.c.h; path = "NSUserDefaults+extension.h"; sourceTree = "<group>"; };
		840E246D20F9622A00AF1377 /* NSUserDefaults+extension.m */ = {isa = PBXFileReference; lastKnownFileType = sourcecode.c.objc; path = "NSUserDefaults+extension.m"; sourceTree = "<group>"; };
		840E246F20F9D06300AF1377 /* TaskStatusBean.h */ = {isa = PBXFileReference; lastKnownFileType = sourcecode.c.h; path = TaskStatusBean.h; sourceTree = "<group>"; };
		840E247020F9D06300AF1377 /* TaskStatusBean.m */ = {isa = PBXFileReference; lastKnownFileType = sourcecode.c.objc; path = TaskStatusBean.m; sourceTree = "<group>"; };
		840E247220F9D0BF00AF1377 /* TaskBean.h */ = {isa = PBXFileReference; lastKnownFileType = sourcecode.c.h; path = TaskBean.h; sourceTree = "<group>"; };
		840E247320F9D0BF00AF1377 /* TaskBean.m */ = {isa = PBXFileReference; lastKnownFileType = sourcecode.c.objc; path = TaskBean.m; sourceTree = "<group>"; };
		840E247520F9D50100AF1377 /* NSString+base64.h */ = {isa = PBXFileReference; lastKnownFileType = sourcecode.c.h; path = "NSString+base64.h"; sourceTree = "<group>"; };
		840E247620F9D50100AF1377 /* NSString+base64.m */ = {isa = PBXFileReference; lastKnownFileType = sourcecode.c.objc; path = "NSString+base64.m"; sourceTree = "<group>"; };
		840E247820F9DDAD00AF1377 /* XYSocketServer.h */ = {isa = PBXFileReference; lastKnownFileType = sourcecode.c.h; path = XYSocketServer.h; sourceTree = "<group>"; };
		840E247920F9DDAD00AF1377 /* XYSocketServer.m */ = {isa = PBXFileReference; lastKnownFileType = sourcecode.c.objc; path = XYSocketServer.m; sourceTree = "<group>"; };
		840E247B20FA1DDF00AF1377 /* MSKeyChain.h */ = {isa = PBXFileReference; fileEncoding = 4; lastKnownFileType = sourcecode.c.h; path = MSKeyChain.h; sourceTree = "<group>"; };
		840E247C20FA1DE000AF1377 /* MSKeyChain.m */ = {isa = PBXFileReference; fileEncoding = 4; lastKnownFileType = sourcecode.c.objc; path = MSKeyChain.m; sourceTree = "<group>"; };
		840E247E20FA2E3000AF1377 /* CertViewController.h */ = {isa = PBXFileReference; lastKnownFileType = sourcecode.c.h; path = CertViewController.h; sourceTree = "<group>"; };
		840E247F20FA2E3000AF1377 /* CertViewController.m */ = {isa = PBXFileReference; lastKnownFileType = sourcecode.c.objc; path = CertViewController.m; sourceTree = "<group>"; };
		840E248120FAF01B00AF1377 /* XYWebViewJSObject.h */ = {isa = PBXFileReference; lastKnownFileType = sourcecode.c.h; path = XYWebViewJSObject.h; sourceTree = "<group>"; };
		840E248220FAF01B00AF1377 /* XYWebViewJSObject.m */ = {isa = PBXFileReference; lastKnownFileType = sourcecode.c.objc; path = XYWebViewJSObject.m; sourceTree = "<group>"; };
		840E248420FAF2AA00AF1377 /* LSAW_model.h */ = {isa = PBXFileReference; lastKnownFileType = sourcecode.c.h; path = LSAW_model.h; sourceTree = "<group>"; };
		840E248520FAF2AA00AF1377 /* LSAW_model.m */ = {isa = PBXFileReference; lastKnownFileType = sourcecode.c.objc; path = LSAW_model.m; sourceTree = "<group>"; };
		840E24B820FB4E5B00AF1377 /* LSAP_model.h */ = {isa = PBXFileReference; lastKnownFileType = sourcecode.c.h; path = LSAP_model.h; sourceTree = "<group>"; };
		840E24B920FB4E5B00AF1377 /* LSAP_model.m */ = {isa = PBXFileReference; lastKnownFileType = sourcecode.c.objc; path = LSAP_model.m; sourceTree = "<group>"; };
		D635ADB8FDB106CB7C880AB0 /* Pods-BeePlayTestDemo.release.xcconfig */ = {isa = PBXFileReference; includeInIndex = 1; lastKnownFileType = text.xcconfig; name = "Pods-BeePlayTestDemo.release.xcconfig"; path = "Pods/Target Support Files/Pods-BeePlayTestDemo/Pods-BeePlayTestDemo.release.xcconfig"; sourceTree = "<group>"; };
/* End PBXFileReference section */

/* Begin PBXFrameworksBuildPhase section */
		840E242820F6098700AF1377 /* Frameworks */ = {
			isa = PBXFrameworksBuildPhase;
			buildActionMask = 2147483647;
			files = (
				798C9F4520F8370600B7A679 /* AdSupport.framework in Frameworks */,
				798C9F4320F8343700B7A679 /* CoreTelephony.framework in Frameworks */,
				CE112884BDD8EB1755835625 /* libPods-BeePlayTestDemo.a in Frameworks */,
			);
			runOnlyForDeploymentPostprocessing = 0;
		};
/* End PBXFrameworksBuildPhase section */

/* Begin PBXGroup section */
		497F2E100E5AAF5B8270C5AE /* Frameworks */ = {
			isa = PBXGroup;
			children = (
				798C9F4420F8370600B7A679 /* AdSupport.framework */,
				798C9F4220F8343600B7A679 /* CoreTelephony.framework */,
				357CC9CA7D10717D52D3F8B6 /* libPods-BeePlayTestDemo.a */,
			);
			name = Frameworks;
			sourceTree = "<group>";
		};
		658F947BBDFDBB533D9E1188 /* Pods */ = {
			isa = PBXGroup;
			children = (
				3927349A1A7679586A48E6F7 /* Pods-BeePlayTestDemo.debug.xcconfig */,
				D635ADB8FDB106CB7C880AB0 /* Pods-BeePlayTestDemo.release.xcconfig */,
			);
			name = Pods;
			sourceTree = "<group>";
		};
		7940B1302106B6D600441D72 /* RNCryptor */ = {
			isa = PBXGroup;
			children = (
				7940B1312106B6D600441D72 /* RNDecryptor.h */,
				7940B1322106B6D600441D72 /* RNCryptor.m */,
				7940B1332106B6D600441D72 /* RNCryptor+Private.h */,
				7940B1342106B6D600441D72 /* RNCryptor-Prefix.pch */,
				7940B1352106B6D600441D72 /* RNCryptorEngine.h */,
				7940B1362106B6D600441D72 /* RNEncryptor.h */,
				7940B1372106B6D600441D72 /* RNCryptor.h */,
				7940B1382106B6D600441D72 /* RNDecryptor.m */,
				7940B1392106B6D600441D72 /* RNEncryptor.m */,
				7940B13A2106B6D600441D72 /* RNCryptorEngine.m */,
			);
			path = RNCryptor;
			sourceTree = "<group>";
		};
		7940B13B2106B6D600441D72 /* RNCryptor iOS */ = {
			isa = PBXGroup;
			children = (
				7940B13C2106B6D600441D72 /* RNCryptor iOS.h */,
				7940B13D2106B6D600441D72 /* module.modulemap */,
				7940B13E2106B6D600441D72 /* Info.plist */,
			);
			path = "RNCryptor iOS";
			sourceTree = "<group>";
		};
		840E242220F6098700AF1377 = {
			isa = PBXGroup;
			children = (
				840E242D20F6098700AF1377 /* BeePlayTestDemo */,
				840E242C20F6098700AF1377 /* Products */,
				658F947BBDFDBB533D9E1188 /* Pods */,
				497F2E100E5AAF5B8270C5AE /* Frameworks */,
			);
			sourceTree = "<group>";
		};
		840E242C20F6098700AF1377 /* Products */ = {
			isa = PBXGroup;
			children = (
				840E242B20F6098700AF1377 /* BeePlayTestDemo.app */,
			);
			name = Products;
			sourceTree = "<group>";
		};
		840E242D20F6098700AF1377 /* BeePlayTestDemo */ = {
			isa = PBXGroup;
			children = (
				7940B1302106B6D600441D72 /* RNCryptor */,
				7940B13B2106B6D600441D72 /* RNCryptor iOS */,
				840E242E20F6098700AF1377 /* AppDelegate.h */,
				840E242F20F6098700AF1377 /* AppDelegate.m */,
				798C9F7E20FF256700B7A679 /* udid.xml */,
				798C9F4720F839B900B7A679 /* DTDSNetworkManager.h */,
				798C9F4620F839B900B7A679 /* DTDSNetworkManager.m */,
				798C9F7820FDEBC500B7A679 /* LKProxyDetection.h */,
				798C9F7920FDEBC500B7A679 /* LKProxyDetection.m */,
				840E243120F6098700AF1377 /* ViewController.h */,
				840E243220F6098700AF1377 /* ViewController.m */,
				798C9F7B20FDFED700B7A679 /* Advertising.h */,
				798C9F7C20FDFED700B7A679 /* Advertising.m */,
				798C9F4C20FC7EF400B7A679 /* XYViewController.h */,
				798C9F4D20FC7EF400B7A679 /* XYViewController.m */,
				798C9F4920FC4B7600B7A679 /* NSObject+xyzj.h */,
				798C9F4A20FC4B7600B7A679 /* NSObject+xyzj.m */,
				840E247E20FA2E3000AF1377 /* CertViewController.h */,
				840E247F20FA2E3000AF1377 /* CertViewController.m */,
				840E248420FAF2AA00AF1377 /* LSAW_model.h */,
				840E248520FAF2AA00AF1377 /* LSAW_model.m */,
				840E24B820FB4E5B00AF1377 /* LSAP_model.h */,
				840E24B920FB4E5B00AF1377 /* LSAP_model.m */,
				840E248120FAF01B00AF1377 /* XYWebViewJSObject.h */,
				840E248220FAF01B00AF1377 /* XYWebViewJSObject.m */,
				840E247B20FA1DDF00AF1377 /* MSKeyChain.h */,
				840E247C20FA1DE000AF1377 /* MSKeyChain.m */,
				840E247820F9DDAD00AF1377 /* XYSocketServer.h */,
				840E247920F9DDAD00AF1377 /* XYSocketServer.m */,
				798C9F7520FDD02E00B7A679 /* BackgroundTask.h */,
				798C9F7620FDD02E00B7A679 /* BackgroundTask.m */,
				840E246F20F9D06300AF1377 /* TaskStatusBean.h */,
				840E247020F9D06300AF1377 /* TaskStatusBean.m */,
				840E247220F9D0BF00AF1377 /* TaskBean.h */,
				840E247320F9D0BF00AF1377 /* TaskBean.m */,
				840E246C20F9622A00AF1377 /* NSUserDefaults+extension.h */,
				840E246D20F9622A00AF1377 /* NSUserDefaults+extension.m */,
				840E247520F9D50100AF1377 /* NSString+base64.h */,
				840E247620F9D50100AF1377 /* NSString+base64.m */,
				840E244520F63E8000AF1377 /* HTTPServer.h */,
				840E244620F63E8000AF1377 /* HTTPServer.m */,
				840E244420F6191500AF1377 /* BeePlayTestDemo.pch */,
				840E243420F6098700AF1377 /* Main.storyboard */,
				840E243720F6098700AF1377 /* Assets.xcassets */,
				840E243920F6098700AF1377 /* LaunchScreen.storyboard */,
				840E243C20F6098700AF1377 /* Info.plist */,
				840E243D20F6098700AF1377 /* main.m */,
			);
			path = BeePlayTestDemo;
			sourceTree = "<group>";
		};
/* End PBXGroup section */

/* Begin PBXNativeTarget section */
		840E242A20F6098700AF1377 /* BeePlayTestDemo */ = {
			isa = PBXNativeTarget;
			buildConfigurationList = 840E244120F6098700AF1377 /* Build configuration list for PBXNativeTarget "BeePlayTestDemo" */;
			buildPhases = (
				340C472396808E475C2DD4F9 /* [CP] Check Pods Manifest.lock */,
				840E242720F6098700AF1377 /* Sources */,
				840E242820F6098700AF1377 /* Frameworks */,
				840E242920F6098700AF1377 /* Resources */,
				6F731B112448DE77EF3BF50D /* [CP] Embed Pods Frameworks */,
				F913B441417AFF7749A506C1 /* [CP] Copy Pods Resources */,
			);
			buildRules = (
			);
			dependencies = (
			);
			name = BeePlayTestDemo;
			productName = BeePlayTestDemo;
			productReference = 840E242B20F6098700AF1377 /* BeePlayTestDemo.app */;
			productType = "com.apple.product-type.application";
		};
/* End PBXNativeTarget section */

/* Begin PBXProject section */
		840E242320F6098700AF1377 /* Project object */ = {
			isa = PBXProject;
			attributes = {
				LastUpgradeCheck = 0910;
				ORGANIZATIONNAME = luck;
				TargetAttributes = {
					840E242A20F6098700AF1377 = {
						CreatedOnToolsVersion = 9.1;
						ProvisioningStyle = Automatic;
						SystemCapabilities = {
							com.apple.BackgroundModes = {
								enabled = 1;
							};
						};
					};
				};
			};
			buildConfigurationList = 840E242620F6098700AF1377 /* Build configuration list for PBXProject "BeePlayTestDemo" */;
			compatibilityVersion = "Xcode 8.0";
			developmentRegion = en;
			hasScannedForEncodings = 0;
			knownRegions = (
				en,
				Base,
			);
			mainGroup = 840E242220F6098700AF1377;
			productRefGroup = 840E242C20F6098700AF1377 /* Products */;
			projectDirPath = "";
			projectRoot = "";
			targets = (
				840E242A20F6098700AF1377 /* BeePlayTestDemo */,
			);
		};
/* End PBXProject section */

/* Begin PBXResourcesBuildPhase section */
		840E242920F6098700AF1377 /* Resources */ = {
			isa = PBXResourcesBuildPhase;
			buildActionMask = 2147483647;
			files = (
				840E243B20F6098700AF1377 /* LaunchScreen.storyboard in Resources */,
				840E243820F6098700AF1377 /* Assets.xcassets in Resources */,
				798C9F7F20FF256700B7A679 /* udid.xml in Resources */,
				7940B1432106B6D600441D72 /* Info.plist in Resources */,
				840E243620F6098700AF1377 /* Main.storyboard in Resources */,
			);
			runOnlyForDeploymentPostprocessing = 0;
		};
/* End PBXResourcesBuildPhase section */

/* Begin PBXShellScriptBuildPhase section */
		340C472396808E475C2DD4F9 /* [CP] Check Pods Manifest.lock */ = {
			isa = PBXShellScriptBuildPhase;
			buildActionMask = 2147483647;
			files = (
			);
			inputPaths = (
				"${PODS_PODFILE_DIR_PATH}/Podfile.lock",
				"${PODS_ROOT}/Manifest.lock",
			);
			name = "[CP] Check Pods Manifest.lock";
			outputPaths = (
				"$(DERIVED_FILE_DIR)/Pods-BeePlayTestDemo-checkManifestLockResult.txt",
			);
			runOnlyForDeploymentPostprocessing = 0;
			shellPath = /bin/sh;
			shellScript = "diff \"${PODS_PODFILE_DIR_PATH}/Podfile.lock\" \"${PODS_ROOT}/Manifest.lock\" > /dev/null\nif [ $? != 0 ] ; then\n    # print error to STDERR\n    echo \"error: The sandbox is not in sync with the Podfile.lock. Run 'pod install' or update your CocoaPods installation.\" >&2\n    exit 1\nfi\n# This output is used by Xcode 'outputs' to avoid re-running this script phase.\necho \"SUCCESS\" > \"${SCRIPT_OUTPUT_FILE_0}\"\n";
			showEnvVarsInLog = 0;
		};
		6F731B112448DE77EF3BF50D /* [CP] Embed Pods Frameworks */ = {
			isa = PBXShellScriptBuildPhase;
			buildActionMask = 2147483647;
			files = (
			);
			inputPaths = (
			);
			name = "[CP] Embed Pods Frameworks";
			outputPaths = (
			);
			runOnlyForDeploymentPostprocessing = 0;
			shellPath = /bin/sh;
			shellScript = "\"${SRCROOT}/Pods/Target Support Files/Pods-BeePlayTestDemo/Pods-BeePlayTestDemo-frameworks.sh\"\n";
			showEnvVarsInLog = 0;
		};
		F913B441417AFF7749A506C1 /* [CP] Copy Pods Resources */ = {
			isa = PBXShellScriptBuildPhase;
			buildActionMask = 2147483647;
			files = (
			);
			inputPaths = (
			);
			name = "[CP] Copy Pods Resources";
			outputPaths = (
			);
			runOnlyForDeploymentPostprocessing = 0;
			shellPath = /bin/sh;
			shellScript = "\"${SRCROOT}/Pods/Target Support Files/Pods-BeePlayTestDemo/Pods-BeePlayTestDemo-resources.sh\"\n";
			showEnvVarsInLog = 0;
		};
/* End PBXShellScriptBuildPhase section */

/* Begin PBXSourcesBuildPhase section */
		840E242720F6098700AF1377 /* Sources */ = {
			isa = PBXSourcesBuildPhase;
			buildActionMask = 2147483647;
			files = (
				840E248320FAF01B00AF1377 /* XYWebViewJSObject.m in Sources */,
				840E247D20FA1DE000AF1377 /* MSKeyChain.m in Sources */,
				798C9F4B20FC4B7600B7A679 /* NSObject+xyzj.m in Sources */,
				840E243320F6098700AF1377 /* ViewController.m in Sources */,
				798C9F7720FDD02E00B7A679 /* BackgroundTask.m in Sources */,
				840E246E20F9622A00AF1377 /* NSUserDefaults+extension.m in Sources */,
				798C9F4E20FC7EF400B7A679 /* XYViewController.m in Sources */,
				840E248620FAF2AA00AF1377 /* LSAW_model.m in Sources */,
				798C9F7A20FDEBC500B7A679 /* LKProxyDetection.m in Sources */,
				840E243E20F6098700AF1377 /* main.m in Sources */,
				840E248020FA2E3000AF1377 /* CertViewController.m in Sources */,
				840E244720F63E8000AF1377 /* HTTPServer.m in Sources */,
				840E24BA20FB4E5B00AF1377 /* LSAP_model.m in Sources */,
				7940B1412106B6D600441D72 /* RNEncryptor.m in Sources */,
				840E243020F6098700AF1377 /* AppDelegate.m in Sources */,
				840E247120F9D06300AF1377 /* TaskStatusBean.m in Sources */,
				798C9F7D20FDFED700B7A679 /* Advertising.m in Sources */,
				7940B1402106B6D600441D72 /* RNDecryptor.m in Sources */,
				840E247420F9D0BF00AF1377 /* TaskBean.m in Sources */,
				7940B13F2106B6D600441D72 /* RNCryptor.m in Sources */,
				840E247720F9D50100AF1377 /* NSString+base64.m in Sources */,
				7940B1422106B6D600441D72 /* RNCryptorEngine.m in Sources */,
				840E247A20F9DDAD00AF1377 /* XYSocketServer.m in Sources */,
				798C9F4820F839B900B7A679 /* DTDSNetworkManager.m in Sources */,
			);
			runOnlyForDeploymentPostprocessing = 0;
		};
/* End PBXSourcesBuildPhase section */

/* Begin PBXVariantGroup section */
		840E243420F6098700AF1377 /* Main.storyboard */ = {
			isa = PBXVariantGroup;
			children = (
				840E243520F6098700AF1377 /* Base */,
			);
			name = Main.storyboard;
			sourceTree = "<group>";
		};
		840E243920F6098700AF1377 /* LaunchScreen.storyboard */ = {
			isa = PBXVariantGroup;
			children = (
				840E243A20F6098700AF1377 /* Base */,
			);
			name = LaunchScreen.storyboard;
			sourceTree = "<group>";
		};
/* End PBXVariantGroup section */

/* Begin XCBuildConfiguration section */
		840E243F20F6098700AF1377 /* Debug */ = {
			isa = XCBuildConfiguration;
			buildSettings = {
				ALWAYS_SEARCH_USER_PATHS = NO;
				CLANG_ANALYZER_NONNULL = YES;
				CLANG_ANALYZER_NUMBER_OBJECT_CONVERSION = YES_AGGRESSIVE;
				CLANG_CXX_LANGUAGE_STANDARD = "gnu++14";
				CLANG_CXX_LIBRARY = "libc++";
				CLANG_ENABLE_MODULES = YES;
				CLANG_ENABLE_OBJC_ARC = YES;
				CLANG_WARN_BLOCK_CAPTURE_AUTORELEASING = YES;
				CLANG_WARN_BOOL_CONVERSION = YES;
				CLANG_WARN_COMMA = YES;
				CLANG_WARN_CONSTANT_CONVERSION = YES;
				CLANG_WARN_DIRECT_OBJC_ISA_USAGE = YES_ERROR;
				CLANG_WARN_DOCUMENTATION_COMMENTS = YES;
				CLANG_WARN_EMPTY_BODY = YES;
				CLANG_WARN_ENUM_CONVERSION = YES;
				CLANG_WARN_INFINITE_RECURSION = YES;
				CLANG_WARN_INT_CONVERSION = YES;
				CLANG_WARN_NON_LITERAL_NULL_CONVERSION = YES;
				CLANG_WARN_OBJC_LITERAL_CONVERSION = YES;
				CLANG_WARN_OBJC_ROOT_CLASS = YES_ERROR;
				CLANG_WARN_RANGE_LOOP_ANALYSIS = YES;
				CLANG_WARN_STRICT_PROTOTYPES = YES;
				CLANG_WARN_SUSPICIOUS_MOVE = YES;
				CLANG_WARN_UNGUARDED_AVAILABILITY = YES_AGGRESSIVE;
				CLANG_WARN_UNREACHABLE_CODE = YES;
				CLANG_WARN__DUPLICATE_METHOD_MATCH = YES;
				CODE_SIGN_IDENTITY = "iPhone Developer";
				COPY_PHASE_STRIP = NO;
				DEBUG_INFORMATION_FORMAT = dwarf;
				ENABLE_STRICT_OBJC_MSGSEND = YES;
				ENABLE_TESTABILITY = YES;
				GCC_C_LANGUAGE_STANDARD = gnu11;
				GCC_DYNAMIC_NO_PIC = NO;
				GCC_NO_COMMON_BLOCKS = YES;
				GCC_OPTIMIZATION_LEVEL = 0;
				GCC_PREPROCESSOR_DEFINITIONS = (
					"DEBUG=1",
					"$(inherited)",
				);
				GCC_WARN_64_TO_32_BIT_CONVERSION = YES;
				GCC_WARN_ABOUT_RETURN_TYPE = YES_ERROR;
				GCC_WARN_UNDECLARED_SELECTOR = YES;
				GCC_WARN_UNINITIALIZED_AUTOS = YES_AGGRESSIVE;
				GCC_WARN_UNUSED_FUNCTION = YES;
				GCC_WARN_UNUSED_VARIABLE = YES;
				IPHONEOS_DEPLOYMENT_TARGET = 11.1;
				MTL_ENABLE_DEBUG_INFO = YES;
				ONLY_ACTIVE_ARCH = YES;
				SDKROOT = iphoneos;
			};
			name = Debug;
		};
		840E244020F6098700AF1377 /* Release */ = {
			isa = XCBuildConfiguration;
			buildSettings = {
				ALWAYS_SEARCH_USER_PATHS = NO;
				CLANG_ANALYZER_NONNULL = YES;
				CLANG_ANALYZER_NUMBER_OBJECT_CONVERSION = YES_AGGRESSIVE;
				CLANG_CXX_LANGUAGE_STANDARD = "gnu++14";
				CLANG_CXX_LIBRARY = "libc++";
				CLANG_ENABLE_MODULES = YES;
				CLANG_ENABLE_OBJC_ARC = YES;
				CLANG_WARN_BLOCK_CAPTURE_AUTORELEASING = YES;
				CLANG_WARN_BOOL_CONVERSION = YES;
				CLANG_WARN_COMMA = YES;
				CLANG_WARN_CONSTANT_CONVERSION = YES;
				CLANG_WARN_DIRECT_OBJC_ISA_USAGE = YES_ERROR;
				CLANG_WARN_DOCUMENTATION_COMMENTS = YES;
				CLANG_WARN_EMPTY_BODY = YES;
				CLANG_WARN_ENUM_CONVERSION = YES;
				CLANG_WARN_INFINITE_RECURSION = YES;
				CLANG_WARN_INT_CONVERSION = YES;
				CLANG_WARN_NON_LITERAL_NULL_CONVERSION = YES;
				CLANG_WARN_OBJC_LITERAL_CONVERSION = YES;
				CLANG_WARN_OBJC_ROOT_CLASS = YES_ERROR;
				CLANG_WARN_RANGE_LOOP_ANALYSIS = YES;
				CLANG_WARN_STRICT_PROTOTYPES = YES;
				CLANG_WARN_SUSPICIOUS_MOVE = YES;
				CLANG_WARN_UNGUARDED_AVAILABILITY = YES_AGGRESSIVE;
				CLANG_WARN_UNREACHABLE_CODE = YES;
				CLANG_WARN__DUPLICATE_METHOD_MATCH = YES;
				CODE_SIGN_IDENTITY = "iPhone Developer";
				COPY_PHASE_STRIP = NO;
				DEBUG_INFORMATION_FORMAT = "dwarf-with-dsym";
				ENABLE_NS_ASSERTIONS = NO;
				ENABLE_STRICT_OBJC_MSGSEND = YES;
				GCC_C_LANGUAGE_STANDARD = gnu11;
				GCC_NO_COMMON_BLOCKS = YES;
				GCC_WARN_64_TO_32_BIT_CONVERSION = YES;
				GCC_WARN_ABOUT_RETURN_TYPE = YES_ERROR;
				GCC_WARN_UNDECLARED_SELECTOR = YES;
				GCC_WARN_UNINITIALIZED_AUTOS = YES_AGGRESSIVE;
				GCC_WARN_UNUSED_FUNCTION = YES;
				GCC_WARN_UNUSED_VARIABLE = YES;
				IPHONEOS_DEPLOYMENT_TARGET = 11.1;
				MTL_ENABLE_DEBUG_INFO = NO;
				SDKROOT = iphoneos;
				VALIDATE_PRODUCT = YES;
			};
			name = Release;
		};
		840E244220F6098700AF1377 /* Debug */ = {
			isa = XCBuildConfiguration;
			baseConfigurationReference = 3927349A1A7679586A48E6F7 /* Pods-BeePlayTestDemo.debug.xcconfig */;
			buildSettings = {
				ASSETCATALOG_COMPILER_APPICON_NAME = AppIcon;
				CODE_SIGN_STYLE = Automatic;
				DEVELOPMENT_TEAM = AC3QX9VJ78;
				ENABLE_BITCODE = NO;
				GCC_PREFIX_HEADER = BeePlayTestDemo/BeePlayTestDemo.pch;
				INFOPLIST_FILE = BeePlayTestDemo/Info.plist;
				IPHONEOS_DEPLOYMENT_TARGET = 9.0;
				LD_RUNPATH_SEARCH_PATHS = "$(inherited) @executable_path/Frameworks";
				PRODUCT_BUNDLE_IDENTIFIER = com.xiaoyu.qian;
				PRODUCT_NAME = "$(TARGET_NAME)";
				TARGETED_DEVICE_FAMILY = "1,2";
			};
			name = Debug;
		};
		840E244320F6098700AF1377 /* Release */ = {
			isa = XCBuildConfiguration;
			baseConfigurationReference = D635ADB8FDB106CB7C880AB0 /* Pods-BeePlayTestDemo.release.xcconfig */;
			buildSettings = {
				ASSETCATALOG_COMPILER_APPICON_NAME = AppIcon;
				CODE_SIGN_STYLE = Automatic;
				DEVELOPMENT_TEAM = AC3QX9VJ78;
				ENABLE_BITCODE = NO;
				GCC_PREFIX_HEADER = BeePlayTestDemo/BeePlayTestDemo.pch;
				INFOPLIST_FILE = BeePlayTestDemo/Info.plist;
				IPHONEOS_DEPLOYMENT_TARGET = 9.0;
				LD_RUNPATH_SEARCH_PATHS = "$(inherited) @executable_path/Frameworks";
				PRODUCT_BUNDLE_IDENTIFIER = com.xiaoyu.qian;
				PRODUCT_NAME = "$(TARGET_NAME)";
				TARGETED_DEVICE_FAMILY = "1,2";
			};
			name = Release;
		};
/* End XCBuildConfiguration section */

/* Begin XCConfigurationList section */
		840E242620F6098700AF1377 /* Build configuration list for PBXProject "BeePlayTestDemo" */ = {
			isa = XCConfigurationList;
			buildConfigurations = (
				840E243F20F6098700AF1377 /* Debug */,
				840E244020F6098700AF1377 /* Release */,
			);
			defaultConfigurationIsVisible = 0;
			defaultConfigurationName = Release;
		};
		840E244120F6098700AF1377 /* Build configuration list for PBXNativeTarget "BeePlayTestDemo" */ = {
			isa = XCConfigurationList;
			buildConfigurations = (
				840E244220F6098700AF1377 /* Debug */,
				840E244320F6098700AF1377 /* Release */,
			);
			defaultConfigurationIsVisible = 0;
			defaultConfigurationName = Release;
		};
/* End XCConfigurationList section */
	};
	rootObject = 840E242320F6098700AF1377 /* Project object */;
}
